// !$*UTF8*$!
{
	archiveVersion = 1;
	classes = {
	};
	objectVersion = 56;
	objects = {

/* Begin PBXBuildFile section */
		443003B1299A943B001016DC /* AppDelegate.swift in Sources */ = {isa = PBXBuildFile; fileRef = 443003B0299A943B001016DC /* AppDelegate.swift */; };
		443003B3299A943B001016DC /* SceneDelegate.swift in Sources */ = {isa = PBXBuildFile; fileRef = 443003B2299A943B001016DC /* SceneDelegate.swift */; };
		443003B5299A943B001016DC /* ViewController.swift in Sources */ = {isa = PBXBuildFile; fileRef = 443003B4299A943B001016DC /* ViewController.swift */; };
		443003BA299A943C001016DC /* Assets.xcassets in Resources */ = {isa = PBXBuildFile; fileRef = 443003B9299A943C001016DC /* Assets.xcassets */; };
		443003BD299A943C001016DC /* LaunchScreen.storyboard in Resources */ = {isa = PBXBuildFile; fileRef = 443003BB299A943C001016DC /* LaunchScreen.storyboard */; };
		443003C9299A95D0001016DC /* Kingfisher in Frameworks */ = {isa = PBXBuildFile; productRef = 443003C8299A95D0001016DC /* Kingfisher */; };
		443003CC299A95DE001016DC /* Alamofire in Frameworks */ = {isa = PBXBuildFile; productRef = 443003CB299A95DE001016DC /* Alamofire */; };
		443003CF299A9634001016DC /* SnapKit in Frameworks */ = {isa = PBXBuildFile; productRef = 443003CE299A9634001016DC /* SnapKit */; };
		443003D5299A9D98001016DC /* Service.swift in Sources */ = {isa = PBXBuildFile; fileRef = 443003D4299A9D98001016DC /* Service.swift */; };
		443003D7299A9E97001016DC /* BaseService.swift in Sources */ = {isa = PBXBuildFile; fileRef = 443003D6299A9E97001016DC /* BaseService.swift */; };
		443003D9299AA524001016DC /* Model.swift in Sources */ = {isa = PBXBuildFile; fileRef = 443003D8299AA524001016DC /* Model.swift */; };
/* End PBXBuildFile section */

/* Begin PBXFileReference section */
		443003AD299A943B001016DC /* MovieApp.app */ = {isa = PBXFileReference; explicitFileType = wrapper.application; includeInIndex = 0; path = MovieApp.app; sourceTree = BUILT_PRODUCTS_DIR; };
		443003B0299A943B001016DC /* AppDelegate.swift */ = {isa = PBXFileReference; lastKnownFileType = sourcecode.swift; path = AppDelegate.swift; sourceTree = "<group>"; };
		443003B2299A943B001016DC /* SceneDelegate.swift */ = {isa = PBXFileReference; lastKnownFileType = sourcecode.swift; path = SceneDelegate.swift; sourceTree = "<group>"; };
		443003B4299A943B001016DC /* ViewController.swift */ = {isa = PBXFileReference; lastKnownFileType = sourcecode.swift; path = ViewController.swift; sourceTree = "<group>"; };
		443003B9299A943C001016DC /* Assets.xcassets */ = {isa = PBXFileReference; lastKnownFileType = folder.assetcatalog; path = Assets.xcassets; sourceTree = "<group>"; };
		443003BC299A943C001016DC /* Base */ = {isa = PBXFileReference; lastKnownFileType = file.storyboard; name = Base; path = Base.lproj/LaunchScreen.storyboard; sourceTree = "<group>"; };
		443003BE299A943C001016DC /* Info.plist */ = {isa = PBXFileReference; lastKnownFileType = text.plist.xml; path = Info.plist; sourceTree = "<group>"; };
		443003D4299A9D98001016DC /* Service.swift */ = {isa = PBXFileReference; lastKnownFileType = sourcecode.swift; path = Service.swift; sourceTree = "<group>"; };
		443003D6299A9E97001016DC /* BaseService.swift */ = {isa = PBXFileReference; lastKnownFileType = sourcecode.swift; path = BaseService.swift; sourceTree = "<group>"; };
		443003D8299AA524001016DC /* Model.swift */ = {isa = PBXFileReference; lastKnownFileType = sourcecode.swift; path = Model.swift; sourceTree = "<group>"; };
/* End PBXFileReference section */

/* Begin PBXFrameworksBuildPhase section */
		443003AA299A943B001016DC /* Frameworks */ = {
			isa = PBXFrameworksBuildPhase;
			buildActionMask = 2147483647;
			files = (
				443003CF299A9634001016DC /* SnapKit in Frameworks */,
				443003C9299A95D0001016DC /* Kingfisher in Frameworks */,
				443003CC299A95DE001016DC /* Alamofire in Frameworks */,
			);
			runOnlyForDeploymentPostprocessing = 0;
		};
/* End PBXFrameworksBuildPhase section */

/* Begin PBXGroup section */
		443003A4299A943B001016DC = {
			isa = PBXGroup;
			children = (
				443003AF299A943B001016DC /* MovieApp */,
				443003AE299A943B001016DC /* Products */,
			);
			sourceTree = "<group>";
		};
		443003AE299A943B001016DC /* Products */ = {
			isa = PBXGroup;
			children = (
				443003AD299A943B001016DC /* MovieApp.app */,
			);
			name = Products;
			sourceTree = "<group>";
		};
		443003AF299A943B001016DC /* MovieApp */ = {
			isa = PBXGroup;
			children = (
				443003C5299A9581001016DC /* Main */,
				443003C6299A958F001016DC /* Detail */,
				443003C4299A9577001016DC /* Network */,
				443003B0299A943B001016DC /* AppDelegate.swift */,
				443003B2299A943B001016DC /* SceneDelegate.swift */,
				443003B9299A943C001016DC /* Assets.xcassets */,
				443003BB299A943C001016DC /* LaunchScreen.storyboard */,
				443003BE299A943C001016DC /* Info.plist */,
			);
			path = MovieApp;
			sourceTree = "<group>";
		};
		443003C4299A9577001016DC /* Network */ = {
			isa = PBXGroup;
			children = (
				443003D6299A9E97001016DC /* BaseService.swift */,
				443003D3299A9D82001016DC /* DetailService */,
				443003D2299A9D78001016DC /* MainService */,
			);
			path = Network;
			sourceTree = "<group>";
		};
		443003C5299A9581001016DC /* Main */ = {
			isa = PBXGroup;
			children = (
				443003B4299A943B001016DC /* ViewController.swift */,
			);
			path = Main;
			sourceTree = "<group>";
		};
		443003C6299A958F001016DC /* Detail */ = {
			isa = PBXGroup;
			children = (
			);
			path = Detail;
			sourceTree = "<group>";
		};
		443003D2299A9D78001016DC /* MainService */ = {
			isa = PBXGroup;
			children = (
				443003D4299A9D98001016DC /* Service.swift */,
				443003D8299AA524001016DC /* Model.swift */,
			);
			path = MainService;
			sourceTree = "<group>";
		};
		443003D3299A9D82001016DC /* DetailService */ = {
			isa = PBXGroup;
			children = (
			);
			path = DetailService;
			sourceTree = "<group>";
		};
/* End PBXGroup section */

/* Begin PBXNativeTarget section */
		443003AC299A943B001016DC /* MovieApp */ = {
			isa = PBXNativeTarget;
			buildConfigurationList = 443003C1299A943C001016DC /* Build configuration list for PBXNativeTarget "MovieApp" */;
			buildPhases = (
				443003A9299A943B001016DC /* Sources */,
				443003AA299A943B001016DC /* Frameworks */,
				443003AB299A943B001016DC /* Resources */,
			);
			buildRules = (
			);
			dependencies = (
			);
			name = MovieApp;
			packageProductDependencies = (
				443003C8299A95D0001016DC /* Kingfisher */,
				443003CB299A95DE001016DC /* Alamofire */,
				443003CE299A9634001016DC /* SnapKit */,
			);
			productName = MovieApp;
			productReference = 443003AD299A943B001016DC /* MovieApp.app */;
			productType = "com.apple.product-type.application";
		};
/* End PBXNativeTarget section */

/* Begin PBXProject section */
		443003A5299A943B001016DC /* Project object */ = {
			isa = PBXProject;
			attributes = {
				BuildIndependentTargetsInParallel = 1;
				LastSwiftUpdateCheck = 1420;
				LastUpgradeCheck = 1420;
				TargetAttributes = {
					443003AC299A943B001016DC = {
						CreatedOnToolsVersion = 14.2;
					};
				};
			};
			buildConfigurationList = 443003A8299A943B001016DC /* Build configuration list for PBXProject "MovieApp" */;
			compatibilityVersion = "Xcode 14.0";
			developmentRegion = en;
			hasScannedForEncodings = 0;
			knownRegions = (
				en,
				Base,
			);
			mainGroup = 443003A4299A943B001016DC;
			packageReferences = (
				443003C7299A95D0001016DC /* XCRemoteSwiftPackageReference "Kingfisher" */,
				443003CA299A95DE001016DC /* XCRemoteSwiftPackageReference "Alamofire" */,
				443003CD299A9634001016DC /* XCRemoteSwiftPackageReference "SnapKit" */,
			);
			productRefGroup = 443003AE299A943B001016DC /* Products */;
			projectDirPath = "";
			projectRoot = "";
			targets = (
				443003AC299A943B001016DC /* MovieApp */,
			);
		};
/* End PBXProject section */

/* Begin PBXResourcesBuildPhase section */
		443003AB299A943B001016DC /* Resources */ = {
			isa = PBXResourcesBuildPhase;
			buildActionMask = 2147483647;
			files = (
				443003BD299A943C001016DC /* LaunchScreen.storyboard in Resources */,
				443003BA299A943C001016DC /* Assets.xcassets in Resources */,
			);
			runOnlyForDeploymentPostprocessing = 0;
		};
/* End PBXResourcesBuildPhase section */

/* Begin PBXSourcesBuildPhase section */
		443003A9299A943B001016DC /* Sources */ = {
			isa = PBXSourcesBuildPhase;
			buildActionMask = 2147483647;
			files = (
				443003B5299A943B001016DC /* ViewController.swift in Sources */,
				443003D5299A9D98001016DC /* Service.swift in Sources */,
				443003B1299A943B001016DC /* AppDelegate.swift in Sources */,
				443003D9299AA524001016DC /* Model.swift in Sources */,
				443003D7299A9E97001016DC /* BaseService.swift in Sources */,
				443003B3299A943B001016DC /* SceneDelegate.swift in Sources */,
			);
			runOnlyForDeploymentPostprocessing = 0;
		};
/* End PBXSourcesBuildPhase section */

/* Begin PBXVariantGroup section */
		443003BB299A943C001016DC /* LaunchScreen.storyboard */ = {
			isa = PBXVariantGroup;
			children = (
				443003BC299A943C001016DC /* Base */,
			);
			name = LaunchScreen.storyboard;
			sourceTree = "<group>";
		};
/* End PBXVariantGroup section */

/* Begin XCBuildConfiguration section */
		443003BF299A943C001016DC /* Debug */ = {
			isa = XCBuildConfiguration;
			buildSettings = {
				ALWAYS_SEARCH_USER_PATHS = NO;
				CLANG_ANALYZER_NONNULL = YES;
				CLANG_ANALYZER_NUMBER_OBJECT_CONVERSION = YES_AGGRESSIVE;
				CLANG_CXX_LANGUAGE_STANDARD = "gnu++20";
				CLANG_ENABLE_MODULES = YES;
				CLANG_ENABLE_OBJC_ARC = YES;
				CLANG_ENABLE_OBJC_WEAK = YES;
				CLANG_WARN_BLOCK_CAPTURE_AUTORELEASING = YES;
				CLANG_WARN_BOOL_CONVERSION = YES;
				CLANG_WARN_COMMA = YES;
				CLANG_WARN_CONSTANT_CONVERSION = YES;
				CLANG_WARN_DEPRECATED_OBJC_IMPLEMENTATIONS = YES;
				CLANG_WARN_DIRECT_OBJC_ISA_USAGE = YES_ERROR;
				CLANG_WARN_DOCUMENTATION_COMMENTS = YES;
				CLANG_WARN_EMPTY_BODY = YES;
				CLANG_WARN_ENUM_CONVERSION = YES;
				CLANG_WARN_INFINITE_RECURSION = YES;
				CLANG_WARN_INT_CONVERSION = YES;
				CLANG_WARN_NON_LITERAL_NULL_CONVERSION = YES;
				CLANG_WARN_OBJC_IMPLICIT_RETAIN_SELF = YES;
				CLANG_WARN_OBJC_LITERAL_CONVERSION = YES;
				CLANG_WARN_OBJC_ROOT_CLASS = YES_ERROR;
				CLANG_WARN_QUOTED_INCLUDE_IN_FRAMEWORK_HEADER = YES;
				CLANG_WARN_RANGE_LOOP_ANALYSIS = YES;
				CLANG_WARN_STRICT_PROTOTYPES = YES;
				CLANG_WARN_SUSPICIOUS_MOVE = YES;
				CLANG_WARN_UNGUARDED_AVAILABILITY = YES_AGGRESSIVE;
				CLANG_WARN_UNREACHABLE_CODE = YES;
				CLANG_WARN__DUPLICATE_METHOD_MATCH = YES;
				COPY_PHASE_STRIP = NO;
				DEBUG_INFORMATION_FORMAT = dwarf;
				ENABLE_STRICT_OBJC_MSGSEND = YES;
				ENABLE_TESTABILITY = YES;
				GCC_C_LANGUAGE_STANDARD = gnu11;
				GCC_DYNAMIC_NO_PIC = NO;
				GCC_NO_COMMON_BLOCKS = YES;
				GCC_OPTIMIZATION_LEVEL = 0;
				GCC_PREPROCESSOR_DEFINITIONS = (
					"DEBUG=1",
					"$(inherited)",
				);
				GCC_WARN_64_TO_32_BIT_CONVERSION = YES;
				GCC_WARN_ABOUT_RETURN_TYPE = YES_ERROR;
				GCC_WARN_UNDECLARED_SELECTOR = YES;
				GCC_WARN_UNINITIALIZED_AUTOS = YES_AGGRESSIVE;
				GCC_WARN_UNUSED_FUNCTION = YES;
				GCC_WARN_UNUSED_VARIABLE = YES;
				IPHONEOS_DEPLOYMENT_TARGET = 16.2;
				MTL_ENABLE_DEBUG_INFO = INCLUDE_SOURCE;
				MTL_FAST_MATH = YES;
				ONLY_ACTIVE_ARCH = YES;
				SDKROOT = iphoneos;
				SWIFT_ACTIVE_COMPILATION_CONDITIONS = DEBUG;
				SWIFT_OPTIMIZATION_LEVEL = "-Onone";
			};
			name = Debug;
		};
		443003C0299A943C001016DC /* Release */ = {
			isa = XCBuildConfiguration;
			buildSettings = {
				ALWAYS_SEARCH_USER_PATHS = NO;
				CLANG_ANALYZER_NONNULL = YES;
				CLANG_ANALYZER_NUMBER_OBJECT_CONVERSION = YES_AGGRESSIVE;
				CLANG_CXX_LANGUAGE_STANDARD = "gnu++20";
				CLANG_ENABLE_MODULES = YES;
				CLANG_ENABLE_OBJC_ARC = YES;
				CLANG_ENABLE_OBJC_WEAK = YES;
				CLANG_WARN_BLOCK_CAPTURE_AUTORELEASING = YES;
				CLANG_WARN_BOOL_CONVERSION = YES;
				CLANG_WARN_COMMA = YES;
				CLANG_WARN_CONSTANT_CONVERSION = YES;
				CLANG_WARN_DEPRECATED_OBJC_IMPLEMENTATIONS = YES;
				CLANG_WARN_DIRECT_OBJC_ISA_USAGE = YES_ERROR;
				CLANG_WARN_DOCUMENTATION_COMMENTS = YES;
				CLANG_WARN_EMPTY_BODY = YES;
				CLANG_WARN_ENUM_CONVERSION = YES;
				CLANG_WARN_INFINITE_RECURSION = YES;
				CLANG_WARN_INT_CONVERSION = YES;
				CLANG_WARN_NON_LITERAL_NULL_CONVERSION = YES;
				CLANG_WARN_OBJC_IMPLICIT_RETAIN_SELF = YES;
				CLANG_WARN_OBJC_LITERAL_CONVERSION = YES;
				CLANG_WARN_OBJC_ROOT_CLASS = YES_ERROR;
				CLANG_WARN_QUOTED_INCLUDE_IN_FRAMEWORK_HEADER = YES;
				CLANG_WARN_RANGE_LOOP_ANALYSIS = YES;
				CLANG_WARN_STRICT_PROTOTYPES = YES;
				CLANG_WARN_SUSPICIOUS_MOVE = YES;
				CLANG_WARN_UNGUARDED_AVAILABILITY = YES_AGGRESSIVE;
				CLANG_WARN_UNREACHABLE_CODE = YES;
				CLANG_WARN__DUPLICATE_METHOD_MATCH = YES;
				COPY_PHASE_STRIP = NO;
				DEBUG_INFORMATION_FORMAT = "dwarf-with-dsym";
				ENABLE_NS_ASSERTIONS = NO;
				ENABLE_STRICT_OBJC_MSGSEND = YES;
				GCC_C_LANGUAGE_STANDARD = gnu11;
				GCC_NO_COMMON_BLOCKS = YES;
				GCC_WARN_64_TO_32_BIT_CONVERSION = YES;
				GCC_WARN_ABOUT_RETURN_TYPE = YES_ERROR;
				GCC_WARN_UNDECLARED_SELECTOR = YES;
				GCC_WARN_UNINITIALIZED_AUTOS = YES_AGGRESSIVE;
				GCC_WARN_UNUSED_FUNCTION = YES;
				GCC_WARN_UNUSED_VARIABLE = YES;
				IPHONEOS_DEPLOYMENT_TARGET = 16.2;
				MTL_ENABLE_DEBUG_INFO = NO;
				MTL_FAST_MATH = YES;
				SDKROOT = iphoneos;
				SWIFT_COMPILATION_MODE = wholemodule;
				SWIFT_OPTIMIZATION_LEVEL = "-O";
				VALIDATE_PRODUCT = YES;
			};
			name = Release;
		};
		443003C2299A943C001016DC /* Debug */ = {
			isa = XCBuildConfiguration;
			buildSettings = {
				ASSETCATALOG_COMPILER_APPICON_NAME = AppIcon;
				ASSETCATALOG_COMPILER_GLOBAL_ACCENT_COLOR_NAME = AccentColor;
				CODE_SIGN_STYLE = Automatic;
				CURRENT_PROJECT_VERSION = 1;
				DEVELOPMENT_TEAM = W7548MFZWQ;
				GENERATE_INFOPLIST_FILE = YES;
				INFOPLIST_FILE = MovieApp/Info.plist;
				INFOPLIST_KEY_UIApplicationSupportsIndirectInputEvents = YES;
				INFOPLIST_KEY_UILaunchStoryboardName = LaunchScreen;
				INFOPLIST_KEY_UIStatusBarStyle = "";
				INFOPLIST_KEY_UISupportedInterfaceOrientations = UIInterfaceOrientationPortrait;
				LD_RUNPATH_SEARCH_PATHS = (
					"$(inherited)",
					"@executable_path/Frameworks",
				);
				MARKETING_VERSION = 1.0;
				PRODUCT_BUNDLE_IDENTIFIER = com.ismailackyurek.MovieApp;
				PRODUCT_NAME = "$(TARGET_NAME)";
				SUPPORTED_PLATFORMS = "iphoneos iphonesimulator";
				SUPPORTS_MACCATALYST = NO;
				SUPPORTS_MAC_DESIGNED_FOR_IPHONE_IPAD = NO;
				SWIFT_EMIT_LOC_STRINGS = YES;
				SWIFT_VERSION = 5.0;
				TARGETED_DEVICE_FAMILY = 1;
			};
			name = Debug;
		};
		443003C3299A943C001016DC /* Release */ = {
			isa = XCBuildConfiguration;
			buildSettings = {
				ASSETCATALOG_COMPILER_APPICON_NAME = AppIcon;
				ASSETCATALOG_COMPILER_GLOBAL_ACCENT_COLOR_NAME = AccentColor;
				CODE_SIGN_STYLE = Automatic;
				CURRENT_PROJECT_VERSION = 1;
				DEVELOPMENT_TEAM = W7548MFZWQ;
				GENERATE_INFOPLIST_FILE = YES;
				INFOPLIST_FILE = MovieApp/Info.plist;
				INFOPLIST_KEY_UIApplicationSupportsIndirectInputEvents = YES;
				INFOPLIST_KEY_UILaunchStoryboardName = LaunchScreen;
				INFOPLIST_KEY_UIStatusBarStyle = "";
				INFOPLIST_KEY_UISupportedInterfaceOrientations = UIInterfaceOrientationPortrait;
				LD_RUNPATH_SEARCH_PATHS = (
					"$(inherited)",
					"@executable_path/Frameworks",
				);
				MARKETING_VERSION = 1.0;
				PRODUCT_BUNDLE_IDENTIFIER = com.ismailackyurek.MovieApp;
				PRODUCT_NAME = "$(TARGET_NAME)";
				SUPPORTED_PLATFORMS = "iphoneos iphonesimulator";
				SUPPORTS_MACCATALYST = NO;
				SUPPORTS_MAC_DESIGNED_FOR_IPHONE_IPAD = NO;
				SWIFT_EMIT_LOC_STRINGS = YES;
				SWIFT_VERSION = 5.0;
				TARGETED_DEVICE_FAMILY = 1;
			};
			name = Release;
		};
/* End XCBuildConfiguration section */

/* Begin XCConfigurationList section */
		443003A8299A943B001016DC /* Build configuration list for PBXProject "MovieApp" */ = {
			isa = XCConfigurationList;
			buildConfigurations = (
				443003BF299A943C001016DC /* Debug */,
				443003C0299A943C001016DC /* Release */,
			);
			defaultConfigurationIsVisible = 0;
			defaultConfigurationName = Release;
		};
		443003C1299A943C001016DC /* Build configuration list for PBXNativeTarget "MovieApp" */ = {
			isa = XCConfigurationList;
			buildConfigurations = (
				443003C2299A943C001016DC /* Debug */,
				443003C3299A943C001016DC /* Release */,
			);
			defaultConfigurationIsVisible = 0;
			defaultConfigurationName = Release;
		};
/* End XCConfigurationList section */

/* Begin XCRemoteSwiftPackageReference section */
		443003C7299A95D0001016DC /* XCRemoteSwiftPackageReference "Kingfisher" */ = {
			isa = XCRemoteSwiftPackageReference;
			repositoryURL = "https://github.com/onevcat/Kingfisher.git";
			requirement = {
				branch = master;
				kind = branch;
			};
		};
		443003CA299A95DE001016DC /* XCRemoteSwiftPackageReference "Alamofire" */ = {
			isa = XCRemoteSwiftPackageReference;
			repositoryURL = "https://github.com/Alamofire/Alamofire.git";
			requirement = {
				branch = master;
				kind = branch;
			};
		};
		443003CD299A9634001016DC /* XCRemoteSwiftPackageReference "SnapKit" */ = {
			isa = XCRemoteSwiftPackageReference;
			repositoryURL = "https://github.com/SnapKit/SnapKit.git";
			requirement = {
				kind = upToNextMajorVersion;
				minimumVersion = 5.0.0;
			};
		};
/* End XCRemoteSwiftPackageReference section */

/* Begin XCSwiftPackageProductDependency section */
		443003C8299A95D0001016DC /* Kingfisher */ = {
			isa = XCSwiftPackageProductDependency;
			package = 443003C7299A95D0001016DC /* XCRemoteSwiftPackageReference "Kingfisher" */;
			productName = Kingfisher;
		};
		443003CB299A95DE001016DC /* Alamofire */ = {
			isa = XCSwiftPackageProductDependency;
			package = 443003CA299A95DE001016DC /* XCRemoteSwiftPackageReference "Alamofire" */;
			productName = Alamofire;
		};
		443003CE299A9634001016DC /* SnapKit */ = {
			isa = XCSwiftPackageProductDependency;
			package = 443003CD299A9634001016DC /* XCRemoteSwiftPackageReference "SnapKit" */;
			productName = SnapKit;
		};
/* End XCSwiftPackageProductDependency section */
	};
	rootObject = 443003A5299A943B001016DC /* Project object */;
}
